
Microsoft Visual Studio Solution File, Format Version 12.00
# Visual Studio Version 17
VisualStudioVersion = 17.8.34316.72
MinimumVisualStudioVersion = 10.0.40219.1
Project("{9A19103F-16F7-4668-BE54-9A1E7A4F7556}") = "net105_sd18320", "net105_sd18320\net105_sd18320.csproj", "{0063AE6E-AF2B-42BB-ABC6-ACB52D5A467C}"
EndProject
Global
	GlobalSection(SolutionConfigurationPlatforms) = preSolution
		Debug|Any CPU = Debug|Any CPU
		Release|Any CPU = Release|Any CPU
	EndGlobalSection
	GlobalSection(ProjectConfigurationPlatforms) = postSolution
		{0063AE6E-AF2B-42BB-ABC6-ACB52D5A467C}.Debug|Any CPU.ActiveCfg = Debug|Any CPU
		{0063AE6E-AF2B-42BB-ABC6-ACB52D5A467C}.Debug|Any CPU.Build.0 = Debug|Any CPU
		{0063AE6E-AF2B-42BB-ABC6-ACB52D5A467C}.Release|Any CPU.ActiveCfg = Release|Any CPU
		{0063AE6E-AF2B-42BB-ABC6-ACB52D5A467C}.Release|Any CPU.Build.0 = Release|Any CPU
	EndGlobalSection
	GlobalSection(SolutionProperties) = preSolution
		HideSolutionNode = FALSE
	EndGlobalSection
	GlobalSection(ExtensibilityGlobals) = postSolution
		SolutionGuid = {8893E78A-4FD6-4E80-AAC9-7DB3D0F78AF4}
	EndGlobalSection
EndGlobal
